
Microsoft Visual Studio Solution File, Format Version 12.00
# Visual Studio Version 17
VisualStudioVersion = 17.3.32825.248
MinimumVisualStudioVersion = 10.0.40219.1
Project("{D954291E-2A0B-460D-934E-DC6B0785DB48}") = "UnoMusicApp.Shared", "UnoMusicApp\UnoMusicApp.Shared\UnoMusicApp.Shared.shproj", "{6279C845-92F8-4333-AB99-3D213163593C}"
EndProject
Project("{2150E333-8FDC-42A3-9474-1A3956D46DE8}") = "Platforms", "Platforms", "{F28B2A37-EDFA-4348-80FC-8FC3CC971E4B}"
EndProject
Project("{9A19103F-16F7-4668-BE54-9A1E7A4F7556}") = "UnoMusicApp.Mobile", "UnoMusicApp\UnoMusicApp.Mobile\UnoMusicApp.Mobile.csproj", "{516CEECD-6C4F-42D2-9DA4-6480C1CF12D8}"
EndProject
Project("{9A19103F-16F7-4668-BE54-9A1E7A4F7556}") = "UnoMusicApp.Skia.Gtk", "UnoMusicApp\UnoMusicApp.Skia.Gtk\UnoMusicApp.Skia.Gtk.csproj", "{78920902-ADFA-4B56-8E25-99283B4E31ED}"
EndProject
Project("{9A19103F-16F7-4668-BE54-9A1E7A4F7556}") = "UnoMusicApp.Windows", "UnoMusicApp\UnoMusicApp.Windows\UnoMusicApp.Windows.csproj", "{51E45C22-A930-4115-809F-163A4170CD53}"
EndProject
Global
	GlobalSection(SolutionConfigurationPlatforms) = preSolution
		Debug|Any CPU = Debug|Any CPU
		Debug|arm64 = Debug|arm64
		Debug|x64 = Debug|x64
		Debug|x86 = Debug|x86
		Release|Any CPU = Release|Any CPU
		Release|arm64 = Release|arm64
		Release|x64 = Release|x64
		Release|x86 = Release|x86
	EndGlobalSection
	GlobalSection(ProjectConfigurationPlatforms) = postSolution
		{516CEECD-6C4F-42D2-9DA4-6480C1CF12D8}.Debug|Any CPU.ActiveCfg = Debug|Any CPU
		{516CEECD-6C4F-42D2-9DA4-6480C1CF12D8}.Debug|Any CPU.Build.0 = Debug|Any CPU
		{516CEECD-6C4F-42D2-9DA4-6480C1CF12D8}.Debug|Any CPU.Deploy.0 = Debug|Any CPU
		{516CEECD-6C4F-42D2-9DA4-6480C1CF12D8}.Debug|arm64.ActiveCfg = Debug|Any CPU
		{516CEECD-6C4F-42D2-9DA4-6480C1CF12D8}.Debug|arm64.Build.0 = Debug|Any CPU
		{516CEECD-6C4F-42D2-9DA4-6480C1CF12D8}.Debug|arm64.Deploy.0 = Debug|Any CPU
		{516CEECD-6C4F-42D2-9DA4-6480C1CF12D8}.Debug|x64.ActiveCfg = Debug|Any CPU
		{516CEECD-6C4F-42D2-9DA4-6480C1CF12D8}.Debug|x64.Build.0 = Debug|Any CPU
		{516CEECD-6C4F-42D2-9DA4-6480C1CF12D8}.Debug|x64.Deploy.0 = Debug|Any CPU
		{516CEECD-6C4F-42D2-9DA4-6480C1CF12D8}.Debug|x86.ActiveCfg = Debug|Any CPU
		{516CEECD-6C4F-42D2-9DA4-6480C1CF12D8}.Debug|x86.Build.0 = Debug|Any CPU
		{516CEECD-6C4F-42D2-9DA4-6480C1CF12D8}.Debug|x86.Deploy.0 = Debug|Any CPU
		{516CEECD-6C4F-42D2-9DA4-6480C1CF12D8}.Release|Any CPU.ActiveCfg = Release|Any CPU
		{516CEECD-6C4F-42D2-9DA4-6480C1CF12D8}.Release|Any CPU.Build.0 = Release|Any CPU
		{516CEECD-6C4F-42D2-9DA4-6480C1CF12D8}.Release|Any CPU.Deploy.0 = Release|Any CPU
		{516CEECD-6C4F-42D2-9DA4-6480C1CF12D8}.Release|arm64.ActiveCfg = Release|Any CPU
		{516CEECD-6C4F-42D2-9DA4-6480C1CF12D8}.Release|arm64.Build.0 = Release|Any CPU
		{516CEECD-6C4F-42D2-9DA4-6480C1CF12D8}.Release|arm64.Deploy.0 = Release|Any CPU
		{516CEECD-6C4F-42D2-9DA4-6480C1CF12D8}.Release|x64.ActiveCfg = Release|Any CPU
		{516CEECD-6C4F-42D2-9DA4-6480C1CF12D8}.Release|x64.Build.0 = Release|Any CPU
		{516CEECD-6C4F-42D2-9DA4-6480C1CF12D8}.Release|x64.Deploy.0 = Release|Any CPU
		{516CEECD-6C4F-42D2-9DA4-6480C1CF12D8}.Release|x86.ActiveCfg = Release|Any CPU
		{516CEECD-6C4F-42D2-9DA4-6480C1CF12D8}.Release|x86.Build.0 = Release|Any CPU
		{516CEECD-6C4F-42D2-9DA4-6480C1CF12D8}.Release|x86.Deploy.0 = Release|Any CPU
		{78920902-ADFA-4B56-8E25-99283B4E31ED}.Debug|Any CPU.ActiveCfg = Debug|Any CPU
		{78920902-ADFA-4B56-8E25-99283B4E31ED}.Debug|Any CPU.Build.0 = Debug|Any CPU
		{78920902-ADFA-4B56-8E25-99283B4E31ED}.Debug|arm64.ActiveCfg = Debug|Any CPU
		{78920902-ADFA-4B56-8E25-99283B4E31ED}.Debug|arm64.Build.0 = Debug|Any CPU
		{78920902-ADFA-4B56-8E25-99283B4E31ED}.Debug|x64.ActiveCfg = Debug|Any CPU
		{78920902-ADFA-4B56-8E25-99283B4E31ED}.Debug|x64.Build.0 = Debug|Any CPU
		{78920902-ADFA-4B56-8E25-99283B4E31ED}.Debug|x86.ActiveCfg = Debug|Any CPU
		{78920902-ADFA-4B56-8E25-99283B4E31ED}.Debug|x86.Build.0 = Debug|Any CPU
		{78920902-ADFA-4B56-8E25-99283B4E31ED}.Release|Any CPU.ActiveCfg = Release|Any CPU
		{78920902-ADFA-4B56-8E25-99283B4E31ED}.Release|Any CPU.Build.0 = Release|Any CPU
		{78920902-ADFA-4B56-8E25-99283B4E31ED}.Release|arm64.ActiveCfg = Release|Any CPU
		{78920902-ADFA-4B56-8E25-99283B4E31ED}.Release|arm64.Build.0 = Release|Any CPU
		{78920902-ADFA-4B56-8E25-99283B4E31ED}.Release|x64.ActiveCfg = Release|Any CPU
		{78920902-ADFA-4B56-8E25-99283B4E31ED}.Release|x64.Build.0 = Release|Any CPU
		{78920902-ADFA-4B56-8E25-99283B4E31ED}.Release|x86.ActiveCfg = Release|Any CPU
		{78920902-ADFA-4B56-8E25-99283B4E31ED}.Release|x86.Build.0 = Release|Any CPU
		{51E45C22-A930-4115-809F-163A4170CD53}.Debug|Any CPU.ActiveCfg = Debug|x64
		{51E45C22-A930-4115-809F-163A4170CD53}.Debug|Any CPU.Build.0 = Debug|x64
		{51E45C22-A930-4115-809F-163A4170CD53}.Debug|Any CPU.Deploy.0 = Debug|x64
		{51E45C22-A930-4115-809F-163A4170CD53}.Debug|arm64.ActiveCfg = Debug|arm64
		{51E45C22-A930-4115-809F-163A4170CD53}.Debug|arm64.Build.0 = Debug|arm64
		{51E45C22-A930-4115-809F-163A4170CD53}.Debug|arm64.Deploy.0 = Debug|arm64
		{51E45C22-A930-4115-809F-163A4170CD53}.Debug|x64.ActiveCfg = Debug|x64
		{51E45C22-A930-4115-809F-163A4170CD53}.Debug|x64.Build.0 = Debug|x64
		{51E45C22-A930-4115-809F-163A4170CD53}.Debug|x64.Deploy.0 = Debug|x64
		{51E45C22-A930-4115-809F-163A4170CD53}.Debug|x86.ActiveCfg = Debug|x86
		{51E45C22-A930-4115-809F-163A4170CD53}.Debug|x86.Build.0 = Debug|x86
		{51E45C22-A930-4115-809F-163A4170CD53}.Debug|x86.Deploy.0 = Debug|x86
		{51E45C22-A930-4115-809F-163A4170CD53}.Release|Any CPU.ActiveCfg = Release|x64
		{51E45C22-A930-4115-809F-163A4170CD53}.Release|Any CPU.Build.0 = Release|x64
		{51E45C22-A930-4115-809F-163A4170CD53}.Release|Any CPU.Deploy.0 = Release|x64
		{51E45C22-A930-4115-809F-163A4170CD53}.Release|arm64.ActiveCfg = Release|arm64
		{51E45C22-A930-4115-809F-163A4170CD53}.Release|arm64.Build.0 = Release|arm64
		{51E45C22-A930-4115-809F-163A4170CD53}.Release|arm64.Deploy.0 = Release|arm64
		{51E45C22-A930-4115-809F-163A4170CD53}.Release|x64.ActiveCfg = Release|x64
		{51E45C22-A930-4115-809F-163A4170CD53}.Release|x64.Build.0 = Release|x64
		{51E45C22-A930-4115-809F-163A4170CD53}.Release|x64.Deploy.0 = Release|x64
		{51E45C22-A930-4115-809F-163A4170CD53}.Release|x86.ActiveCfg = Release|x86
		{51E45C22-A930-4115-809F-163A4170CD53}.Release|x86.Build.0 = Release|x86
		{51E45C22-A930-4115-809F-163A4170CD53}.Release|x86.Deploy.0 = Release|x86
	EndGlobalSection
	GlobalSection(SolutionProperties) = preSolution
		HideSolutionNode = FALSE
	EndGlobalSection
	GlobalSection(NestedProjects) = preSolution
		{516CEECD-6C4F-42D2-9DA4-6480C1CF12D8} = {F28B2A37-EDFA-4348-80FC-8FC3CC971E4B}
		{78920902-ADFA-4B56-8E25-99283B4E31ED} = {F28B2A37-EDFA-4348-80FC-8FC3CC971E4B}
		{51E45C22-A930-4115-809F-163A4170CD53} = {F28B2A37-EDFA-4348-80FC-8FC3CC971E4B}
	EndGlobalSection
	GlobalSection(ExtensibilityGlobals) = postSolution
		SolutionGuid = {17848BAF-8182-4CF8-BE5F-55E64B91E803}
	EndGlobalSection
	GlobalSection(SharedMSBuildProjectFiles) = preSolution
		UnoMusicApp\UnoMusicApp.Shared\UnoMusicApp.Shared.projitems*{516ceecd-6c4f-42d2-9da4-6480c1cf12d8}*SharedItemsImports = 5
		UnoMusicApp\UnoMusicApp.Shared\UnoMusicApp.Shared.projitems*{51e45c22-a930-4115-809f-163a4170cd53}*SharedItemsImports = 5
		UnoMusicApp\UnoMusicApp.Shared\UnoMusicApp.Shared.projitems*{6279c845-92f8-4333-ab99-3d213163593c}*SharedItemsImports = 13
		UnoMusicApp\UnoMusicApp.Shared\UnoMusicApp.Shared.projitems*{78920902-adfa-4b56-8e25-99283b4e31ed}*SharedItemsImports = 5
	EndGlobalSection
EndGlobal
